github.com/creack/pty v1.1.9/go.mod h1:oKZEueFk5CKHvIhNR5MUki03XCEU+Q6VDXinZuGJ33E=
github.com/dougm/pretty v0.0.0-20171025230240-2ee9d7453c02 h1:tR3jsKPiO/mb6ntzk/dJlHZtm37CPfVp1C9KIo534+4=
github.com/dougm/pretty v0.0.0-20171025230240-2ee9d7453c02/go.mod h1:7NQ3kWOx2cZOSjtcveTa5nqupVr2s6/83sG+rTlI7uA=
github.com/kr/text v0.2.0 h1:5Nx0Ya0ZqY2ygV366QzturHI13Jq95ApcVaJBhpS+AY=
github.com/kr/text v0.2.0/go.mod h1:eLer722TekiGuMkidMxC/pM04lWEeraHUUmBw8l2grE=
github.com/vmware/govmomi v0.30.4 h1:BCKLoTmiBYRuplv3GxKEMBLtBaJm8PA56vo9bddIpYQ=
github.com/vmware/govmomi v0.30.4/go.mod h1:F7adsVewLNHsW/IIm7ziFURaXDaHEwcc+ym4r3INMdY=
